
Microsoft Visual Studio Solution File, Format Version 12.00
# Visual Studio 2012
Project("{FAE04EC0-301F-11D3-BF4B-00C04F79EFBC}") = "EightRacer", "EightRacer\EightRacer.csproj", "{5588E323-2171-452D-81BF-3EEB1A2E6DDA}"
EndProject
Global
	GlobalSection(SolutionConfigurationPlatforms) = preSolution
		Debug|Any CPU = Debug|Any CPU
		Debug|ARM = Debug|ARM
		Debug|x86 = Debug|x86
		Release|Any CPU = Release|Any CPU
		Release|ARM = Release|ARM
		Release|x86 = Release|x86
	EndGlobalSection
	GlobalSection(ProjectConfigurationPlatforms) = postSolution
		{5588E323-2171-452D-81BF-3EEB1A2E6DDA}.Debug|Any CPU.ActiveCfg = Debug|Any CPU
		{5588E323-2171-452D-81BF-3EEB1A2E6DDA}.Debug|Any CPU.Build.0 = Debug|Any CPU
		{5588E323-2171-452D-81BF-3EEB1A2E6DDA}.Debug|Any CPU.Deploy.0 = Debug|Any CPU
		{5588E323-2171-452D-81BF-3EEB1A2E6DDA}.Debug|ARM.ActiveCfg = Debug|ARM
		{5588E323-2171-452D-81BF-3EEB1A2E6DDA}.Debug|ARM.Build.0 = Debug|ARM
		{5588E323-2171-452D-81BF-3EEB1A2E6DDA}.Debug|ARM.Deploy.0 = Debug|ARM
		{5588E323-2171-452D-81BF-3EEB1A2E6DDA}.Debug|x86.ActiveCfg = Debug|x86
		{5588E323-2171-452D-81BF-3EEB1A2E6DDA}.Debug|x86.Build.0 = Debug|x86
		{5588E323-2171-452D-81BF-3EEB1A2E6DDA}.Debug|x86.Deploy.0 = Debug|x86
		{5588E323-2171-452D-81BF-3EEB1A2E6DDA}.Release|Any CPU.ActiveCfg = Release|Any CPU
		{5588E323-2171-452D-81BF-3EEB1A2E6DDA}.Release|Any CPU.Build.0 = Release|Any CPU
		{5588E323-2171-452D-81BF-3EEB1A2E6DDA}.Release|Any CPU.Deploy.0 = Release|Any CPU
		{5588E323-2171-452D-81BF-3EEB1A2E6DDA}.Release|ARM.ActiveCfg = Release|ARM
		{5588E323-2171-452D-81BF-3EEB1A2E6DDA}.Release|ARM.Build.0 = Release|ARM
		{5588E323-2171-452D-81BF-3EEB1A2E6DDA}.Release|ARM.Deploy.0 = Release|ARM
		{5588E323-2171-452D-81BF-3EEB1A2E6DDA}.Release|x86.ActiveCfg = Release|x86
		{5588E323-2171-452D-81BF-3EEB1A2E6DDA}.Release|x86.Build.0 = Release|x86
		{5588E323-2171-452D-81BF-3EEB1A2E6DDA}.Release|x86.Deploy.0 = Release|x86
	EndGlobalSection
	GlobalSection(SolutionProperties) = preSolution
		HideSolutionNode = FALSE
	EndGlobalSection
EndGlobal
